// !$*UTF8*$!
{
	archiveVersion = 1;
	classes = {
	};
	objectVersion = 54;
	objects = {

/* Begin PBXBuildFile section */
		25A18D9C290C356400C53521 /* SceneDelegate.swift in Sources */ = {isa = PBXBuildFile; fileRef = 25A18D9B290C356400C53521 /* SceneDelegate.swift */; };
		25EBAD8A265827E2009C0A37 /* AppDelegate.swift in Sources */ = {isa = PBXBuildFile; fileRef = 25EBAD89265827E2009C0A37 /* AppDelegate.swift */; };
		25EBAD8E265827E2009C0A37 /* CharacterViewController.swift in Sources */ = {isa = PBXBuildFile; fileRef = 25EBAD8D265827E2009C0A37 /* CharacterViewController.swift */; };
		25EBAD93265827EA009C0A37 /* Assets.xcassets in Resources */ = {isa = PBXBuildFile; fileRef = 25EBAD92265827EA009C0A37 /* Assets.xcassets */; };
		25EBAD96265827EA009C0A37 /* LaunchScreen.storyboard in Resources */ = {isa = PBXBuildFile; fileRef = 25EBAD94265827EA009C0A37 /* LaunchScreen.storyboard */; };
		25EBADA126582A35009C0A37 /* CharacterModel.swift in Sources */ = {isa = PBXBuildFile; fileRef = 25EBADA026582A35009C0A37 /* CharacterModel.swift */; };
		25EBADA426582C1A009C0A37 /* ApiClient.swift in Sources */ = {isa = PBXBuildFile; fileRef = 25EBADA326582C1A009C0A37 /* ApiClient.swift */; };
		25EBADA626583194009C0A37 /* CharacterTableViewCell.swift in Sources */ = {isa = PBXBuildFile; fileRef = 25EBADA526583194009C0A37 /* CharacterTableViewCell.swift */; };
		25EBADA826583BE9009C0A37 /* CharacterDetailViewController.swift in Sources */ = {isa = PBXBuildFile; fileRef = 25EBADA726583BE9009C0A37 /* CharacterDetailViewController.swift */; };
		25EBADAA265850ED009C0A37 /* EpisodeDetailViewController.swift in Sources */ = {isa = PBXBuildFile; fileRef = 25EBADA9265850ED009C0A37 /* EpisodeDetailViewController.swift */; };
		25EBADAC2658553A009C0A37 /* CharacterCollectionViewCell.swift in Sources */ = {isa = PBXBuildFile; fileRef = 25EBADAB2658553A009C0A37 /* CharacterCollectionViewCell.swift */; };
		9072A015BA73B89927EDCEDD /* Pods_rick_Morty.framework in Frameworks */ = {isa = PBXBuildFile; fileRef = 6B11F20DB84226A004C17DEB /* Pods_rick_Morty.framework */; };
/* End PBXBuildFile section */

/* Begin PBXFileReference section */
		25A18D9B290C356400C53521 /* SceneDelegate.swift */ = {isa = PBXFileReference; lastKnownFileType = sourcecode.swift; path = SceneDelegate.swift; sourceTree = "<group>"; };
		25EBAD86265827E2009C0A37 /* rick&Morty.app */ = {isa = PBXFileReference; explicitFileType = wrapper.application; includeInIndex = 0; path = "rick&Morty.app"; sourceTree = BUILT_PRODUCTS_DIR; };
		25EBAD89265827E2009C0A37 /* AppDelegate.swift */ = {isa = PBXFileReference; lastKnownFileType = sourcecode.swift; path = AppDelegate.swift; sourceTree = "<group>"; };
		25EBAD8D265827E2009C0A37 /* CharacterViewController.swift */ = {isa = PBXFileReference; lastKnownFileType = sourcecode.swift; path = CharacterViewController.swift; sourceTree = "<group>"; };
		25EBAD92265827EA009C0A37 /* Assets.xcassets */ = {isa = PBXFileReference; lastKnownFileType = folder.assetcatalog; path = Assets.xcassets; sourceTree = "<group>"; };
		25EBAD95265827EA009C0A37 /* Base */ = {isa = PBXFileReference; lastKnownFileType = file.storyboard; name = Base; path = Base.lproj/LaunchScreen.storyboard; sourceTree = "<group>"; };
		25EBAD97265827EA009C0A37 /* Info.plist */ = {isa = PBXFileReference; lastKnownFileType = text.plist.xml; path = Info.plist; sourceTree = "<group>"; };
		25EBADA026582A35009C0A37 /* CharacterModel.swift */ = {isa = PBXFileReference; lastKnownFileType = sourcecode.swift; path = CharacterModel.swift; sourceTree = "<group>"; };
		25EBADA326582C1A009C0A37 /* ApiClient.swift */ = {isa = PBXFileReference; lastKnownFileType = sourcecode.swift; path = ApiClient.swift; sourceTree = "<group>"; };
		25EBADA526583194009C0A37 /* CharacterTableViewCell.swift */ = {isa = PBXFileReference; lastKnownFileType = sourcecode.swift; path = CharacterTableViewCell.swift; sourceTree = "<group>"; };
		25EBADA726583BE9009C0A37 /* CharacterDetailViewController.swift */ = {isa = PBXFileReference; lastKnownFileType = sourcecode.swift; path = CharacterDetailViewController.swift; sourceTree = "<group>"; };
		25EBADA9265850ED009C0A37 /* EpisodeDetailViewController.swift */ = {isa = PBXFileReference; lastKnownFileType = sourcecode.swift; path = EpisodeDetailViewController.swift; sourceTree = "<group>"; };
		25EBADAB2658553A009C0A37 /* CharacterCollectionViewCell.swift */ = {isa = PBXFileReference; lastKnownFileType = sourcecode.swift; path = CharacterCollectionViewCell.swift; sourceTree = "<group>"; };
		27E38517E70C9DDF92F3A50B /* Pods-rick&Morty.debug.xcconfig */ = {isa = PBXFileReference; includeInIndex = 1; lastKnownFileType = text.xcconfig; name = "Pods-rick&Morty.debug.xcconfig"; path = "Target Support Files/Pods-rick&Morty/Pods-rick&Morty.debug.xcconfig"; sourceTree = "<group>"; };
		6B11F20DB84226A004C17DEB /* Pods_rick_Morty.framework */ = {isa = PBXFileReference; explicitFileType = wrapper.framework; includeInIndex = 0; path = Pods_rick_Morty.framework; sourceTree = BUILT_PRODUCTS_DIR; };
		7BA7B58F6DCF9BFBBCF0DE3E /* Pods-rick&Morty.release.xcconfig */ = {isa = PBXFileReference; includeInIndex = 1; lastKnownFileType = text.xcconfig; name = "Pods-rick&Morty.release.xcconfig"; path = "Target Support Files/Pods-rick&Morty/Pods-rick&Morty.release.xcconfig"; sourceTree = "<group>"; };
/* End PBXFileReference section */

/* Begin PBXFrameworksBuildPhase section */
		25EBAD83265827E2009C0A37 /* Frameworks */ = {
			isa = PBXFrameworksBuildPhase;
			buildActionMask = 2147483647;
			files = (
				9072A015BA73B89927EDCEDD /* Pods_rick_Morty.framework in Frameworks */,
			);
			runOnlyForDeploymentPostprocessing = 0;
		};
/* End PBXFrameworksBuildPhase section */

/* Begin PBXGroup section */
		25EBAD7D265827E2009C0A37 = {
			isa = PBXGroup;
			children = (
				25EBAD88265827E2009C0A37 /* rick&Morty */,
				25EBAD87265827E2009C0A37 /* Products */,
				ACDE6B0AADD86F1356FA0BAF /* Pods */,
				C1ADA71EA3D5348DD70E709C /* Frameworks */,
			);
			sourceTree = "<group>";
		};
		25EBAD87265827E2009C0A37 /* Products */ = {
			isa = PBXGroup;
			children = (
				25EBAD86265827E2009C0A37 /* rick&Morty.app */,
			);
			name = Products;
			sourceTree = "<group>";
		};
		25EBAD88265827E2009C0A37 /* rick&Morty */ = {
			isa = PBXGroup;
			children = (
				25EBADA226582C0B009C0A37 /* Services */,
				25EBAD9D2658285C009C0A37 /* Model */,
				25EBAD9E26582862009C0A37 /* View */,
				25EBAD9F2658286B009C0A37 /* Controller */,
				25EBAD89265827E2009C0A37 /* AppDelegate.swift */,
				25A18D9B290C356400C53521 /* SceneDelegate.swift */,
				25EBAD92265827EA009C0A37 /* Assets.xcassets */,
				25EBAD94265827EA009C0A37 /* LaunchScreen.storyboard */,
				25EBAD97265827EA009C0A37 /* Info.plist */,
			);
			path = "rick&Morty";
			sourceTree = "<group>";
		};
		25EBAD9D2658285C009C0A37 /* Model */ = {
			isa = PBXGroup;
			children = (
				25EBADA026582A35009C0A37 /* CharacterModel.swift */,
			);
			path = Model;
			sourceTree = "<group>";
		};
		25EBAD9E26582862009C0A37 /* View */ = {
			isa = PBXGroup;
			children = (
				25EBADA526583194009C0A37 /* CharacterTableViewCell.swift */,
				25EBADAB2658553A009C0A37 /* CharacterCollectionViewCell.swift */,
			);
			path = View;
			sourceTree = "<group>";
		};
		25EBAD9F2658286B009C0A37 /* Controller */ = {
			isa = PBXGroup;
			children = (
				25EBAD8D265827E2009C0A37 /* CharacterViewController.swift */,
				25EBADA726583BE9009C0A37 /* CharacterDetailViewController.swift */,
				25EBADA9265850ED009C0A37 /* EpisodeDetailViewController.swift */,
			);
			path = Controller;
			sourceTree = "<group>";
		};
		25EBADA226582C0B009C0A37 /* Services */ = {
			isa = PBXGroup;
			children = (
				25EBADA326582C1A009C0A37 /* ApiClient.swift */,
			);
			path = Services;
			sourceTree = "<group>";
		};
		ACDE6B0AADD86F1356FA0BAF /* Pods */ = {
			isa = PBXGroup;
			children = (
				27E38517E70C9DDF92F3A50B /* Pods-rick&Morty.debug.xcconfig */,
				7BA7B58F6DCF9BFBBCF0DE3E /* Pods-rick&Morty.release.xcconfig */,
			);
			path = Pods;
			sourceTree = "<group>";
		};
		C1ADA71EA3D5348DD70E709C /* Frameworks */ = {
			isa = PBXGroup;
			children = (
				6B11F20DB84226A004C17DEB /* Pods_rick_Morty.framework */,
			);
			name = Frameworks;
			sourceTree = "<group>";
		};
/* End PBXGroup section */

/* Begin PBXNativeTarget section */
		25EBAD85265827E2009C0A37 /* rick&Morty */ = {
			isa = PBXNativeTarget;
			buildConfigurationList = 25EBAD9A265827EA009C0A37 /* Build configuration list for PBXNativeTarget "rick&Morty" */;
			buildPhases = (
				4A407D3EAD7FB63932AB7E7E /* [CP] Check Pods Manifest.lock */,
				25A18D9A290C23F200C53521 /* ShellScript */,
				25EBAD82265827E2009C0A37 /* Sources */,
				25EBAD83265827E2009C0A37 /* Frameworks */,
				25EBAD84265827E2009C0A37 /* Resources */,
				1585066F391A962C885A7EED /* [CP] Embed Pods Frameworks */,
			);
			buildRules = (
			);
			dependencies = (
			);
			name = "rick&Morty";
			productName = "rick&Morty";
			productReference = 25EBAD86265827E2009C0A37 /* rick&Morty.app */;
			productType = "com.apple.product-type.application";
		};
/* End PBXNativeTarget section */

/* Begin PBXProject section */
		25EBAD7E265827E2009C0A37 /* Project object */ = {
			isa = PBXProject;
			attributes = {
				LastSwiftUpdateCheck = 1250;
				LastUpgradeCheck = 1250;
				TargetAttributes = {
					25EBAD85265827E2009C0A37 = {
						CreatedOnToolsVersion = 12.5;
					};
				};
			};
			buildConfigurationList = 25EBAD81265827E2009C0A37 /* Build configuration list for PBXProject "rick&Morty" */;
			compatibilityVersion = "Xcode 9.3";
			developmentRegion = en;
			hasScannedForEncodings = 0;
			knownRegions = (
				en,
				Base,
			);
			mainGroup = 25EBAD7D265827E2009C0A37;
			productRefGroup = 25EBAD87265827E2009C0A37 /* Products */;
			projectDirPath = "";
			projectRoot = "";
			targets = (
				25EBAD85265827E2009C0A37 /* rick&Morty */,
			);
		};
/* End PBXProject section */

/* Begin PBXResourcesBuildPhase section */
		25EBAD84265827E2009C0A37 /* Resources */ = {
			isa = PBXResourcesBuildPhase;
			buildActionMask = 2147483647;
			files = (
				25EBAD96265827EA009C0A37 /* LaunchScreen.storyboard in Resources */,
				25EBAD93265827EA009C0A37 /* Assets.xcassets in Resources */,
			);
			runOnlyForDeploymentPostprocessing = 0;
		};
/* End PBXResourcesBuildPhase section */

/* Begin PBXShellScriptBuildPhase section */
		1585066F391A962C885A7EED /* [CP] Embed Pods Frameworks */ = {
			isa = PBXShellScriptBuildPhase;
			buildActionMask = 2147483647;
			files = (
			);
			inputFileListPaths = (
				"${PODS_ROOT}/Target Support Files/Pods-rick&Morty/Pods-rick&Morty-frameworks-${CONFIGURATION}-input-files.xcfilelist",
			);
			name = "[CP] Embed Pods Frameworks";
			outputFileListPaths = (
				"${PODS_ROOT}/Target Support Files/Pods-rick&Morty/Pods-rick&Morty-frameworks-${CONFIGURATION}-output-files.xcfilelist",
			);
			runOnlyForDeploymentPostprocessing = 0;
			shellPath = /bin/sh;
			shellScript = "\"${PODS_ROOT}/Target Support Files/Pods-rick&Morty/Pods-rick&Morty-frameworks.sh\"\n";
			showEnvVarsInLog = 0;
		};
		25A18D9A290C23F200C53521 /* ShellScript */ = {
			isa = PBXShellScriptBuildPhase;
			alwaysOutOfDate = 1;
			buildActionMask = 2147483647;
			files = (
			);
			inputFileListPaths = (
			);
			inputPaths = (
			);
			outputFileListPaths = (
			);
			outputPaths = (
			);
			runOnlyForDeploymentPostprocessing = 0;
			shellPath = /bin/sh;
			shellScript = "# Type a script or drag a script file from your workspace to insert its path.\n\"${PODS_ROOT}/SwiftLint/swiftlint\"\n";
		};
		4A407D3EAD7FB63932AB7E7E /* [CP] Check Pods Manifest.lock */ = {
			isa = PBXShellScriptBuildPhase;
			buildActionMask = 2147483647;
			files = (
			);
			inputFileListPaths = (
			);
			inputPaths = (
				"${PODS_PODFILE_DIR_PATH}/Podfile.lock",
				"${PODS_ROOT}/Manifest.lock",
			);
			name = "[CP] Check Pods Manifest.lock";
			outputFileListPaths = (
			);
			outputPaths = (
				"$(DERIVED_FILE_DIR)/Pods-rick&Morty-checkManifestLockResult.txt",
			);
			runOnlyForDeploymentPostprocessing = 0;
			shellPath = /bin/sh;
			shellScript = "diff \"${PODS_PODFILE_DIR_PATH}/Podfile.lock\" \"${PODS_ROOT}/Manifest.lock\" > /dev/null\nif [ $? != 0 ] ; then\n    # print error to STDERR\n    echo \"error: The sandbox is not in sync with the Podfile.lock. Run 'pod install' or update your CocoaPods installation.\" >&2\n    exit 1\nfi\n# This output is used by Xcode 'outputs' to avoid re-running this script phase.\necho \"SUCCESS\" > \"${SCRIPT_OUTPUT_FILE_0}\"\n";
			showEnvVarsInLog = 0;
		};
/* End PBXShellScriptBuildPhase section */

/* Begin PBXSourcesBuildPhase section */
		25EBAD82265827E2009C0A37 /* Sources */ = {
			isa = PBXSourcesBuildPhase;
			buildActionMask = 2147483647;
			files = (
				25EBAD8E265827E2009C0A37 /* CharacterViewController.swift in Sources */,
				25EBADA126582A35009C0A37 /* CharacterModel.swift in Sources */,
				25A18D9C290C356400C53521 /* SceneDelegate.swift in Sources */,
				25EBAD8A265827E2009C0A37 /* AppDelegate.swift in Sources */,
				25EBADAC2658553A009C0A37 /* CharacterCollectionViewCell.swift in Sources */,
				25EBADA826583BE9009C0A37 /* CharacterDetailViewController.swift in Sources */,
				25EBADAA265850ED009C0A37 /* EpisodeDetailViewController.swift in Sources */,
				25EBADA426582C1A009C0A37 /* ApiClient.swift in Sources */,
				25EBADA626583194009C0A37 /* CharacterTableViewCell.swift in Sources */,
			);
			runOnlyForDeploymentPostprocessing = 0;
		};
/* End PBXSourcesBuildPhase section */

/* Begin PBXVariantGroup section */
		25EBAD94265827EA009C0A37 /* LaunchScreen.storyboard */ = {
			isa = PBXVariantGroup;
			children = (
				25EBAD95265827EA009C0A37 /* Base */,
			);
			name = LaunchScreen.storyboard;
			sourceTree = "<group>";
		};
/* End PBXVariantGroup section */

/* Begin XCBuildConfiguration section */
		25EBAD98265827EA009C0A37 /* Debug */ = {
			isa = XCBuildConfiguration;
			buildSettings = {
				ALWAYS_SEARCH_USER_PATHS = NO;
				CLANG_ANALYZER_NONNULL = YES;
				CLANG_ANALYZER_NUMBER_OBJECT_CONVERSION = YES_AGGRESSIVE;
				CLANG_CXX_LANGUAGE_STANDARD = "gnu++14";
				CLANG_CXX_LIBRARY = "libc++";
				CLANG_ENABLE_MODULES = YES;
				CLANG_ENABLE_OBJC_ARC = YES;
				CLANG_ENABLE_OBJC_WEAK = YES;
				CLANG_WARN_BLOCK_CAPTURE_AUTORELEASING = YES;
				CLANG_WARN_BOOL_CONVERSION = YES;
				CLANG_WARN_COMMA = YES;
				CLANG_WARN_CONSTANT_CONVERSION = YES;
				CLANG_WARN_DEPRECATED_OBJC_IMPLEMENTATIONS = YES;
				CLANG_WARN_DIRECT_OBJC_ISA_USAGE = YES_ERROR;
				CLANG_WARN_DOCUMENTATION_COMMENTS = YES;
				CLANG_WARN_EMPTY_BODY = YES;
				CLANG_WARN_ENUM_CONVERSION = YES;
				CLANG_WARN_INFINITE_RECURSION = YES;
				CLANG_WARN_INT_CONVERSION = YES;
				CLANG_WARN_NON_LITERAL_NULL_CONVERSION = YES;
				CLANG_WARN_OBJC_IMPLICIT_RETAIN_SELF = YES;
				CLANG_WARN_OBJC_LITERAL_CONVERSION = YES;
				CLANG_WARN_OBJC_ROOT_CLASS = YES_ERROR;
				CLANG_WARN_QUOTED_INCLUDE_IN_FRAMEWORK_HEADER = YES;
				CLANG_WARN_RANGE_LOOP_ANALYSIS = YES;
				CLANG_WARN_STRICT_PROTOTYPES = YES;
				CLANG_WARN_SUSPICIOUS_MOVE = YES;
				CLANG_WARN_UNGUARDED_AVAILABILITY = YES_AGGRESSIVE;
				CLANG_WARN_UNREACHABLE_CODE = YES;
				CLANG_WARN__DUPLICATE_METHOD_MATCH = YES;
				COPY_PHASE_STRIP = NO;
				DEBUG_INFORMATION_FORMAT = dwarf;
				ENABLE_STRICT_OBJC_MSGSEND = YES;
				ENABLE_TESTABILITY = YES;
				GCC_C_LANGUAGE_STANDARD = gnu11;
				GCC_DYNAMIC_NO_PIC = NO;
				GCC_NO_COMMON_BLOCKS = YES;
				GCC_OPTIMIZATION_LEVEL = 0;
				GCC_PREPROCESSOR_DEFINITIONS = (
					"DEBUG=1",
					"$(inherited)",
				);
				GCC_WARN_64_TO_32_BIT_CONVERSION = YES;
				GCC_WARN_ABOUT_RETURN_TYPE = YES_ERROR;
				GCC_WARN_UNDECLARED_SELECTOR = YES;
				GCC_WARN_UNINITIALIZED_AUTOS = YES_AGGRESSIVE;
				GCC_WARN_UNUSED_FUNCTION = YES;
				GCC_WARN_UNUSED_VARIABLE = YES;
				IPHONEOS_DEPLOYMENT_TARGET = 14.5;
				MTL_ENABLE_DEBUG_INFO = INCLUDE_SOURCE;
				MTL_FAST_MATH = YES;
				ONLY_ACTIVE_ARCH = YES;
				SDKROOT = iphoneos;
				SWIFT_ACTIVE_COMPILATION_CONDITIONS = DEBUG;
				SWIFT_OPTIMIZATION_LEVEL = "-Onone";
			};
			name = Debug;
		};
		25EBAD99265827EA009C0A37 /* Release */ = {
			isa = XCBuildConfiguration;
			buildSettings = {
				ALWAYS_SEARCH_USER_PATHS = NO;
				CLANG_ANALYZER_NONNULL = YES;
				CLANG_ANALYZER_NUMBER_OBJECT_CONVERSION = YES_AGGRESSIVE;
				CLANG_CXX_LANGUAGE_STANDARD = "gnu++14";
				CLANG_CXX_LIBRARY = "libc++";
				CLANG_ENABLE_MODULES = YES;
				CLANG_ENABLE_OBJC_ARC = YES;
				CLANG_ENABLE_OBJC_WEAK = YES;
				CLANG_WARN_BLOCK_CAPTURE_AUTORELEASING = YES;
				CLANG_WARN_BOOL_CONVERSION = YES;
				CLANG_WARN_COMMA = YES;
				CLANG_WARN_CONSTANT_CONVERSION = YES;
				CLANG_WARN_DEPRECATED_OBJC_IMPLEMENTATIONS = YES;
				CLANG_WARN_DIRECT_OBJC_ISA_USAGE = YES_ERROR;
				CLANG_WARN_DOCUMENTATION_COMMENTS = YES;
				CLANG_WARN_EMPTY_BODY = YES;
				CLANG_WARN_ENUM_CONVERSION = YES;
				CLANG_WARN_INFINITE_RECURSION = YES;
				CLANG_WARN_INT_CONVERSION = YES;
				CLANG_WARN_NON_LITERAL_NULL_CONVERSION = YES;
				CLANG_WARN_OBJC_IMPLICIT_RETAIN_SELF = YES;
				CLANG_WARN_OBJC_LITERAL_CONVERSION = YES;
				CLANG_WARN_OBJC_ROOT_CLASS = YES_ERROR;
				CLANG_WARN_QUOTED_INCLUDE_IN_FRAMEWORK_HEADER = YES;
				CLANG_WARN_RANGE_LOOP_ANALYSIS = YES;
				CLANG_WARN_STRICT_PROTOTYPES = YES;
				CLANG_WARN_SUSPICIOUS_MOVE = YES;
				CLANG_WARN_UNGUARDED_AVAILABILITY = YES_AGGRESSIVE;
				CLANG_WARN_UNREACHABLE_CODE = YES;
				CLANG_WARN__DUPLICATE_METHOD_MATCH = YES;
				COPY_PHASE_STRIP = NO;
				DEBUG_INFORMATION_FORMAT = "dwarf-with-dsym";
				ENABLE_NS_ASSERTIONS = NO;
				ENABLE_STRICT_OBJC_MSGSEND = YES;
				GCC_C_LANGUAGE_STANDARD = gnu11;
				GCC_NO_COMMON_BLOCKS = YES;
				GCC_WARN_64_TO_32_BIT_CONVERSION = YES;
				GCC_WARN_ABOUT_RETURN_TYPE = YES_ERROR;
				GCC_WARN_UNDECLARED_SELECTOR = YES;
				GCC_WARN_UNINITIALIZED_AUTOS = YES_AGGRESSIVE;
				GCC_WARN_UNUSED_FUNCTION = YES;
				GCC_WARN_UNUSED_VARIABLE = YES;
				IPHONEOS_DEPLOYMENT_TARGET = 14.5;
				MTL_ENABLE_DEBUG_INFO = NO;
				MTL_FAST_MATH = YES;
				SDKROOT = iphoneos;
				SWIFT_COMPILATION_MODE = wholemodule;
				SWIFT_OPTIMIZATION_LEVEL = "-O";
				VALIDATE_PRODUCT = YES;
			};
			name = Release;
		};
		25EBAD9B265827EA009C0A37 /* Debug */ = {
			isa = XCBuildConfiguration;
			baseConfigurationReference = 27E38517E70C9DDF92F3A50B /* Pods-rick&Morty.debug.xcconfig */;
			buildSettings = {
				ASSETCATALOG_COMPILER_APPICON_NAME = AppIcon;
				ASSETCATALOG_COMPILER_GLOBAL_ACCENT_COLOR_NAME = AccentColor;
				CODE_SIGN_STYLE = Automatic;
				DEVELOPMENT_TEAM = F5BJS4MMJH;
				INFOPLIST_FILE = "rick&Morty/Info.plist";
				LD_RUNPATH_SEARCH_PATHS = (
					"$(inherited)",
					"@executable_path/Frameworks",
				);
				PRODUCT_BUNDLE_IDENTIFIER = "com.david.rick-Morty";
				PRODUCT_NAME = "$(TARGET_NAME)";
				SWIFT_VERSION = 5.0;
				TARGETED_DEVICE_FAMILY = "1,2";
			};
			name = Debug;
		};
		25EBAD9C265827EA009C0A37 /* Release */ = {
			isa = XCBuildConfiguration;
			baseConfigurationReference = 7BA7B58F6DCF9BFBBCF0DE3E /* Pods-rick&Morty.release.xcconfig */;
			buildSettings = {
				ASSETCATALOG_COMPILER_APPICON_NAME = AppIcon;
				ASSETCATALOG_COMPILER_GLOBAL_ACCENT_COLOR_NAME = AccentColor;
				CODE_SIGN_STYLE = Automatic;
				DEVELOPMENT_TEAM = F5BJS4MMJH;
				INFOPLIST_FILE = "rick&Morty/Info.plist";
				LD_RUNPATH_SEARCH_PATHS = (
					"$(inherited)",
					"@executable_path/Frameworks",
				);
				PRODUCT_BUNDLE_IDENTIFIER = "com.david.rick-Morty";
				PRODUCT_NAME = "$(TARGET_NAME)";
				SWIFT_VERSION = 5.0;
				TARGETED_DEVICE_FAMILY = "1,2";
			};
			name = Release;
		};
/* End XCBuildConfiguration section */

/* Begin XCConfigurationList section */
		25EBAD81265827E2009C0A37 /* Build configuration list for PBXProject "rick&Morty" */ = {
			isa = XCConfigurationList;
			buildConfigurations = (
				25EBAD98265827EA009C0A37 /* Debug */,
				25EBAD99265827EA009C0A37 /* Release */,
			);
			defaultConfigurationIsVisible = 0;
			defaultConfigurationName = Release;
		};
		25EBAD9A265827EA009C0A37 /* Build configuration list for PBXNativeTarget "rick&Morty" */ = {
			isa = XCConfigurationList;
			buildConfigurations = (
				25EBAD9B265827EA009C0A37 /* Debug */,
				25EBAD9C265827EA009C0A37 /* Release */,
			);
			defaultConfigurationIsVisible = 0;
			defaultConfigurationName = Release;
		};
/* End XCConfigurationList section */
	};
	rootObject = 25EBAD7E265827E2009C0A37 /* Project object */;
}
